{
  "name": "seneca",
  "version": "0.7.4-isight",
  "lockfileVersion": 1,
  "requires": true,
  "dependencies": {
    "gex": {
      "version": "git://github.com/i-Sight/gex.git#8214813844bec5b32092336f440d8d1db4a96fec",
      "from": "git://github.com/i-Sight/gex.git#v1.0.2-isight",
      "requires": {
        "lodash": "^4.17.20"
      },
      "dependencies": {
        "lodash": {
          "version": "4.17.20",
          "resolved": "https://registry.npmjs.org/lodash/-/lodash-4.17.20.tgz",
          "integrity": "sha512-PlhdFcillOINfeV7Ni6oF1TAEayyZBoZ8bcshTHqOYJYlrqzRK5hagpagky5o4HfCzzd1TRkXPMFq6cKk9rGmA=="
        }
      }
    },
    "parambulator": {
      "version": "git://github.com/i-Sight/parambulator.git#6e28f5594a0eb4ee148a4ce00785cd84aab9086f",
      "from": "git://github.com/i-Sight/parambulator.git#v1.5.5-isight",
      "requires": {
        "gex": "git://github.com/i-Sight/gex.git#v1.0.2-isight",
        "jsonic": "0.3.1",
        "lodash": "4.17.15"
      },
      "dependencies": {
        "jsonic": {
          "version": "0.3.1",
          "resolved": "https://registry.npmjs.org/jsonic/-/jsonic-0.3.1.tgz",
          "integrity": "sha512-5Md4EK3vPAMvP2sXY6M3/vQEPeX3LxEQBJuF979uypddXjsUlEoAI9/Nojh8tbw+YU5FjMoqSElO6oyjrAuprw=="
        },
        "lodash": {
          "version": "4.17.15",
          "resolved": "https://registry.npmjs.org/lodash/-/lodash-4.17.15.tgz",
          "integrity": "sha512-8xOcRHvCjnocdS5cpwXQXVzmmh5e5+saE2QGoeQmbKmRS6J3VQppPOIt0MnmE+4xlZoumy0GPG0D0MVIQbNA1A=="
        }
      }
    }
  }
}
